
Microsoft Visual Studio Solution File, Format Version 12.00
# Visual Studio 15
VisualStudioVersion = 15.0.27428.2037
MinimumVisualStudioVersion = 10.0.40219.1
Project("{FAE04EC0-301F-11D3-BF4B-00C04F79EFBC}") = "CSharpHelpers", "CSharpHelpers\CSharpHelpers.csproj", "{B61F394A-F3F0-4EF5-B4C6-1DD51A7BCD20}"
EndProject
Project("{FAE04EC0-301F-11D3-BF4B-00C04F79EFBC}") = "Helpers", "Helpers\Helpers.csproj", "{0D5079A9-2E58-4EF2-8AE5-C0993C02B684}"
EndProject
Project("{2150E333-8FDC-42A3-9474-1A3956D46DE8}") = "Help", "Help", "{2150E935-747B-4AA3-AD2C-F5873EB0CC59}"
EndProject
Project("{2150E333-8FDC-42A3-9474-1A3956D46DE8}") = "StringHelper", "StringHelper", "{538051DC-B45B-470D-A60E-F01FB747890E}"
	ProjectSection(SolutionItems) = preProject
		C:\Users\Dhiren\Desktop\New folder\StringHelpersWithValidation-master\StringHelpersWithValidation-master\readme.md = C:\Users\Dhiren\Desktop\New folder\StringHelpersWithValidation-master\StringHelpersWithValidation-master\readme.md
	EndProjectSection
EndProject
Global
	GlobalSection(SolutionConfigurationPlatforms) = preSolution
		Debug|Any CPU = Debug|Any CPU
		Release|Any CPU = Release|Any CPU
	EndGlobalSection
	GlobalSection(ProjectConfigurationPlatforms) = postSolution
		{B61F394A-F3F0-4EF5-B4C6-1DD51A7BCD20}.Debug|Any CPU.ActiveCfg = Debug|Any CPU
		{B61F394A-F3F0-4EF5-B4C6-1DD51A7BCD20}.Debug|Any CPU.Build.0 = Debug|Any CPU
		{B61F394A-F3F0-4EF5-B4C6-1DD51A7BCD20}.Release|Any CPU.ActiveCfg = Release|Any CPU
		{B61F394A-F3F0-4EF5-B4C6-1DD51A7BCD20}.Release|Any CPU.Build.0 = Release|Any CPU
		{0D5079A9-2E58-4EF2-8AE5-C0993C02B684}.Debug|Any CPU.ActiveCfg = Debug|Any CPU
		{0D5079A9-2E58-4EF2-8AE5-C0993C02B684}.Debug|Any CPU.Build.0 = Debug|Any CPU
		{0D5079A9-2E58-4EF2-8AE5-C0993C02B684}.Release|Any CPU.ActiveCfg = Release|Any CPU
		{0D5079A9-2E58-4EF2-8AE5-C0993C02B684}.Release|Any CPU.Build.0 = Release|Any CPU
	EndGlobalSection
	GlobalSection(SolutionProperties) = preSolution
		HideSolutionNode = FALSE
	EndGlobalSection
	GlobalSection(NestedProjects) = preSolution
		{538051DC-B45B-470D-A60E-F01FB747890E} = {2150E935-747B-4AA3-AD2C-F5873EB0CC59}
	EndGlobalSection
	GlobalSection(ExtensibilityGlobals) = postSolution
		SolutionGuid = {1B274D54-48FE-4DF2-9177-1A55720A8B7C}
	EndGlobalSection
EndGlobal
